{
    "_readme": [
        "This file locks the dependencies of your project to a known state",
        "Read more about it at https://getcomposer.org/doc/01-basic-usage.md#installing-dependencies",
        "This file is @generated automatically"
    ],
    "content-hash": "d7da206320f4a4fce96099f52be5cf0c",
    "packages": [
        {
            "name": "raid/core-command",
            "version": "dev-main",
            "source": {
                "type": "git",
                "url": "https://github.com/MohamedKhedr700/core-command.git",
                "reference": "8a4ba6897f0e655f5ddec8b995fea8ec4c78ffd3"
            },
            "dist": {
                "type": "zip",
                "url": "https://api.github.com/repos/MohamedKhedr700/core-command/zipball/8a4ba6897f0e655f5ddec8b995fea8ec4c78ffd3",
                "reference": "8a4ba6897f0e655f5ddec8b995fea8ec4c78ffd3",
                "shasum": ""
            },
            "require": {
                "php": "^8.2"
            },
            "require-dev": {
                "laravel/pint": "^1.10"
            },
            "default-branch": true,
            "type": "library",
            "extra": {
                "laravel": {
                    "providers": [
                        "Raid\\Core\\Command\\Providers\\CommandServiceProvider"
                    ]
                }
            },
            "autoload": {
                "psr-4": {
                    "Raid\\Core\\Command\\": "src"
                }
            },
            "notification-url": "https://packagist.org/downloads/",
            "license": [
                "MIT"
            ],
            "authors": [
                {
                    "name": "mohamed_khedr",
                    "email": "mohamedkhedr700@gmail.com"
                }
            ],
            "description": "Raid Core Command Package",
            "keywords": [
                "command",
                "core",
                "laravel",
                "raid"
            ],
            "support": {
                "issues": "https://github.com/MohamedKhedr700/core-command/issues",
                "source": "https://github.com/MohamedKhedr700/core-command/tree/main"
            },
            "time": "2023-10-05T19:54:54+00:00"
        }
    ],
    "packages-dev": [],
    "aliases": [],
    "minimum-stability": "dev",
    "stability-flags": {
        "raid/core-command": 20
    },
    "prefer-stable": false,
    "prefer-lowest": false,
    "platform": [],
    "platform-dev": [],
    "plugin-api-version": "2.3.0"
}
